
Microsoft Visual Studio Solution File, Format Version 12.00
# Visual Studio Version 16
VisualStudioVersion = 25.0.1704.1
MinimumVisualStudioVersion = 10.0.40219.1
Project("{FAE04EC0-301F-11D3-BF4B-00C04F79EFBC}") = "AppleMAUsIc", "AppleMAUsIc\AppleMAUsIc.csproj", "{92A991A5-6268-42A0-B04F-E281A1CA9549}"
EndProject
Global
	GlobalSection(SolutionConfigurationPlatforms) = preSolution
		Debug|Any CPU = Debug|Any CPU
		Release|Any CPU = Release|Any CPU
	EndGlobalSection
	GlobalSection(ProjectConfigurationPlatforms) = postSolution
		{92A991A5-6268-42A0-B04F-E281A1CA9549}.Debug|Any CPU.ActiveCfg = Debug|Any CPU
		{92A991A5-6268-42A0-B04F-E281A1CA9549}.Debug|Any CPU.Build.0 = Debug|Any CPU
		{92A991A5-6268-42A0-B04F-E281A1CA9549}.Release|Any CPU.ActiveCfg = Release|Any CPU
		{92A991A5-6268-42A0-B04F-E281A1CA9549}.Release|Any CPU.Build.0 = Release|Any CPU
	EndGlobalSection
	GlobalSection(SolutionProperties) = preSolution
		HideSolutionNode = FALSE
	EndGlobalSection
	GlobalSection(ExtensibilityGlobals) = postSolution
		SolutionGuid = {8793E782-46EF-4796-BBC5-2C5D9C640052}
	EndGlobalSection
EndGlobal
